
Microsoft Visual Studio Solution File, Format Version 12.00
# Visual Studio Version 17
VisualStudioVersion = 17.7.34031.279
MinimumVisualStudioVersion = 10.0.40219.1
Project("{FAE04EC0-301F-11D3-BF4B-00C04F79EFBC}") = "TooDoo", "TooDoo\TooDoo.csproj", "{C84F0A97-A38A-4FB7-9697-8427225262E3}"
EndProject
Global
	GlobalSection(SolutionConfigurationPlatforms) = preSolution
		Debug|Any CPU = Debug|Any CPU
		Release|Any CPU = Release|Any CPU
	EndGlobalSection
	GlobalSection(ProjectConfigurationPlatforms) = postSolution
		{C84F0A97-A38A-4FB7-9697-8427225262E3}.Debug|Any CPU.ActiveCfg = Debug|Any CPU
		{C84F0A97-A38A-4FB7-9697-8427225262E3}.Debug|Any CPU.Build.0 = Debug|Any CPU
		{C84F0A97-A38A-4FB7-9697-8427225262E3}.Debug|Any CPU.Deploy.0 = Debug|Any CPU
		{C84F0A97-A38A-4FB7-9697-8427225262E3}.Release|Any CPU.ActiveCfg = Release|Any CPU
		{C84F0A97-A38A-4FB7-9697-8427225262E3}.Release|Any CPU.Build.0 = Release|Any CPU
		{C84F0A97-A38A-4FB7-9697-8427225262E3}.Release|Any CPU.Deploy.0 = Release|Any CPU
	EndGlobalSection
	GlobalSection(SolutionProperties) = preSolution
		HideSolutionNode = FALSE
	EndGlobalSection
	GlobalSection(ExtensibilityGlobals) = postSolution
		SolutionGuid = {A1300AE7-226B-46E1-8C2D-76199762ACAE}
	EndGlobalSection
EndGlobal
